
Microsoft Visual Studio Solution File, Format Version 12.00
# Visual Studio Version 17
VisualStudioVersion = 17.4.33213.308
MinimumVisualStudioVersion = 10.0.40219.1
Project("{FAE04EC0-301F-11D3-BF4B-00C04F79EFBC}") = "grpc_asynclogger4net", "grpc_asynclogger4net.csproj", "{3E8C8CE2-0B0F-4D67-B1B2-B0AD6D7DFA7B}"
EndProject
Global
	GlobalSection(SolutionConfigurationPlatforms) = preSolution
		Debug|Any CPU = Debug|Any CPU
		Release|Any CPU = Release|Any CPU
	EndGlobalSection
	GlobalSection(ProjectConfigurationPlatforms) = postSolution
		{3E8C8CE2-0B0F-4D67-B1B2-B0AD6D7DFA7B}.Debug|Any CPU.ActiveCfg = Debug|Any CPU
		{3E8C8CE2-0B0F-4D67-B1B2-B0AD6D7DFA7B}.Debug|Any CPU.Build.0 = Debug|Any CPU
		{3E8C8CE2-0B0F-4D67-B1B2-B0AD6D7DFA7B}.Release|Any CPU.ActiveCfg = Release|Any CPU
		{3E8C8CE2-0B0F-4D67-B1B2-B0AD6D7DFA7B}.Release|Any CPU.Build.0 = Release|Any CPU
	EndGlobalSection
	GlobalSection(SolutionProperties) = preSolution
		HideSolutionNode = FALSE
	EndGlobalSection
	GlobalSection(ExtensibilityGlobals) = postSolution
		SolutionGuid = {5A8747AD-769F-40DF-9669-611AF0365C95}
	EndGlobalSection
EndGlobal
